// !$*UTF8*$!
{
	archiveVersion = 1;
	classes = {
	};
	objectVersion = 77;
	objects = {

/* Begin PBXContainerItemProxy section */
		A0331A6B2DDBFDEC0090EC11 /* PBXContainerItemProxy */ = {
			isa = PBXContainerItemProxy;
			containerPortal = A0331A4D2DDBFDE90090EC11 /* Project object */;
			proxyType = 1;
			remoteGlobalIDString = A0331A542DDBFDE90090EC11;
			remoteInfo = MagicNewspaper;
		};
		A0331A752DDBFDEC0090EC11 /* PBXContainerItemProxy */ = {
			isa = PBXContainerItemProxy;
			containerPortal = A0331A4D2DDBFDE90090EC11 /* Project object */;
			proxyType = 1;
			remoteGlobalIDString = A0331A542DDBFDE90090EC11;
			remoteInfo = MagicNewspaper;
		};
/* End PBXContainerItemProxy section */

/* Begin PBXFileReference section */
		A0331A552DDBFDE90090EC11 /* MagicNewspaper.app */ = {isa = PBXFileReference; explicitFileType = wrapper.application; includeInIndex = 0; path = MagicNewspaper.app; sourceTree = BUILT_PRODUCTS_DIR; };
		A0331A6A2DDBFDEC0090EC11 /* MagicNewspaperTests.xctest */ = {isa = PBXFileReference; explicitFileType = wrapper.cfbundle; includeInIndex = 0; path = MagicNewspaperTests.xctest; sourceTree = BUILT_PRODUCTS_DIR; };
		A0331A742DDBFDEC0090EC11 /* MagicNewspaperUITests.xctest */ = {isa = PBXFileReference; explicitFileType = wrapper.cfbundle; includeInIndex = 0; path = MagicNewspaperUITests.xctest; sourceTree = BUILT_PRODUCTS_DIR; };
/* End PBXFileReference section */

/* Begin PBXFileSystemSynchronizedRootGroup section */
		A0331A572DDBFDE90090EC11 /* MagicNewspaper */ = {
			isa = PBXFileSystemSynchronizedRootGroup;
			path = MagicNewspaper;
			sourceTree = "<group>";
		};
		A0331A6D2DDBFDEC0090EC11 /* MagicNewspaperTests */ = {
			isa = PBXFileSystemSynchronizedRootGroup;
			path = MagicNewspaperTests;
			sourceTree = "<group>";
		};
		A0331A772DDBFDEC0090EC11 /* MagicNewspaperUITests */ = {
			isa = PBXFileSystemSynchronizedRootGroup;
			path = MagicNewspaperUITests;
			sourceTree = "<group>";
		};
/* End PBXFileSystemSynchronizedRootGroup section */

/* Begin PBXFrameworksBuildPhase section */
		A0331A522DDBFDE90090EC11 /* Frameworks */ = {
			isa = PBXFrameworksBuildPhase;
			buildActionMask = 2147483647;
			files = (
			);
			runOnlyForDeploymentPostprocessing = 0;
		};
		A0331A672DDBFDEC0090EC11 /* Frameworks */ = {
			isa = PBXFrameworksBuildPhase;
			buildActionMask = 2147483647;
			files = (
			);
			runOnlyForDeploymentPostprocessing = 0;
		};
		A0331A712DDBFDEC0090EC11 /* Frameworks */ = {
			isa = PBXFrameworksBuildPhase;
			buildActionMask = 2147483647;
			files = (
			);
			runOnlyForDeploymentPostprocessing = 0;
		};
/* End PBXFrameworksBuildPhase section */

/* Begin PBXGroup section */
		A0331A4C2DDBFDE90090EC11 = {
			isa = PBXGroup;
			children = (
				A0331A572DDBFDE90090EC11 /* MagicNewspaper */,
				A0331A6D2DDBFDEC0090EC11 /* MagicNewspaperTests */,
				A0331A772DDBFDEC0090EC11 /* MagicNewspaperUITests */,
				A0331A562DDBFDE90090EC11 /* Products */,
			);
			sourceTree = "<group>";
		};
		A0331A562DDBFDE90090EC11 /* Products */ = {
			isa = PBXGroup;
			children = (
				A0331A552DDBFDE90090EC11 /* MagicNewspaper.app */,
				A0331A6A2DDBFDEC0090EC11 /* MagicNewspaperTests.xctest */,
				A0331A742DDBFDEC0090EC11 /* MagicNewspaperUITests.xctest */,
			);
			name = Products;
			sourceTree = "<group>";
		};
/* End PBXGroup section */

/* Begin PBXNativeTarget section */
		A0331A542DDBFDE90090EC11 /* MagicNewspaper */ = {
			isa = PBXNativeTarget;
			buildConfigurationList = A0331A7E2DDBFDEC0090EC11 /* Build configuration list for PBXNativeTarget "MagicNewspaper" */;
			buildPhases = (
				A0331A512DDBFDE90090EC11 /* Sources */,
				A0331A522DDBFDE90090EC11 /* Frameworks */,
				A0331A532DDBFDE90090EC11 /* Resources */,
			);
			buildRules = (
			);
			dependencies = (
			);
			fileSystemSynchronizedGroups = (
				A0331A572DDBFDE90090EC11 /* MagicNewspaper */,
			);
			name = MagicNewspaper;
			packageProductDependencies = (
			);
			productName = MagicNewspaper;
			productReference = A0331A552DDBFDE90090EC11 /* MagicNewspaper.app */;
			productType = "com.apple.product-type.application";
		};
		A0331A692DDBFDEC0090EC11 /* MagicNewspaperTests */ = {
			isa = PBXNativeTarget;
			buildConfigurationList = A0331A812DDBFDEC0090EC11 /* Build configuration list for PBXNativeTarget "MagicNewspaperTests" */;
			buildPhases = (
				A0331A662DDBFDEC0090EC11 /* Sources */,
				A0331A672DDBFDEC0090EC11 /* Frameworks */,
				A0331A682DDBFDEC0090EC11 /* Resources */,
			);
			buildRules = (
			);
			dependencies = (
				A0331A6C2DDBFDEC0090EC11 /* PBXTargetDependency */,
			);
			fileSystemSynchronizedGroups = (
				A0331A6D2DDBFDEC0090EC11 /* MagicNewspaperTests */,
			);
			name = MagicNewspaperTests;
			packageProductDependencies = (
			);
			productName = MagicNewspaperTests;
			productReference = A0331A6A2DDBFDEC0090EC11 /* MagicNewspaperTests.xctest */;
			productType = "com.apple.product-type.bundle.unit-test";
		};
		A0331A732DDBFDEC0090EC11 /* MagicNewspaperUITests */ = {
			isa = PBXNativeTarget;
			buildConfigurationList = A0331A842DDBFDEC0090EC11 /* Build configuration list for PBXNativeTarget "MagicNewspaperUITests" */;
			buildPhases = (
				A0331A702DDBFDEC0090EC11 /* Sources */,
				A0331A712DDBFDEC0090EC11 /* Frameworks */,
				A0331A722DDBFDEC0090EC11 /* Resources */,
			);
			buildRules = (
			);
			dependencies = (
				A0331A762DDBFDEC0090EC11 /* PBXTargetDependency */,
			);
			fileSystemSynchronizedGroups = (
				A0331A772DDBFDEC0090EC11 /* MagicNewspaperUITests */,
			);
			name = MagicNewspaperUITests;
			packageProductDependencies = (
			);
			productName = MagicNewspaperUITests;
			productReference = A0331A742DDBFDEC0090EC11 /* MagicNewspaperUITests.xctest */;
			productType = "com.apple.product-type.bundle.ui-testing";
		};
/* End PBXNativeTarget section */

/* Begin PBXProject section */
		A0331A4D2DDBFDE90090EC11 /* Project object */ = {
			isa = PBXProject;
			attributes = {
				BuildIndependentTargetsInParallel = 1;
				LastSwiftUpdateCheck = 1620;
				LastUpgradeCheck = 1620;
				TargetAttributes = {
					A0331A542DDBFDE90090EC11 = {
						CreatedOnToolsVersion = 16.2;
					};
					A0331A692DDBFDEC0090EC11 = {
						CreatedOnToolsVersion = 16.2;
						TestTargetID = A0331A542DDBFDE90090EC11;
					};
					A0331A732DDBFDEC0090EC11 = {
						CreatedOnToolsVersion = 16.2;
						TestTargetID = A0331A542DDBFDE90090EC11;
					};
				};
			};
			buildConfigurationList = A0331A502DDBFDE90090EC11 /* Build configuration list for PBXProject "MagicNewspaper" */;
			developmentRegion = en;
			hasScannedForEncodings = 0;
			knownRegions = (
				en,
				Base,
			);
			mainGroup = A0331A4C2DDBFDE90090EC11;
			minimizedProjectReferenceProxies = 1;
			preferredProjectObjectVersion = 77;
			productRefGroup = A0331A562DDBFDE90090EC11 /* Products */;
			projectDirPath = "";
			projectRoot = "";
			targets = (
				A0331A542DDBFDE90090EC11 /* MagicNewspaper */,
				A0331A692DDBFDEC0090EC11 /* MagicNewspaperTests */,
				A0331A732DDBFDEC0090EC11 /* MagicNewspaperUITests */,
			);
		};
/* End PBXProject section */

/* Begin PBXResourcesBuildPhase section */
		A0331A532DDBFDE90090EC11 /* Resources */ = {
			isa = PBXResourcesBuildPhase;
			buildActionMask = 2147483647;
			files = (
			);
			runOnlyForDeploymentPostprocessing = 0;
		};
		A0331A682DDBFDEC0090EC11 /* Resources */ = {
			isa = PBXResourcesBuildPhase;
			buildActionMask = 2147483647;
			files = (
			);
			runOnlyForDeploymentPostprocessing = 0;
		};
		A0331A722DDBFDEC0090EC11 /* Resources */ = {
			isa = PBXResourcesBuildPhase;
			buildActionMask = 2147483647;
			files = (
			);
			runOnlyForDeploymentPostprocessing = 0;
		};
/* End PBXResourcesBuildPhase section */

/* Begin PBXSourcesBuildPhase section */
		A0331A512DDBFDE90090EC11 /* Sources */ = {
			isa = PBXSourcesBuildPhase;
			buildActionMask = 2147483647;
			files = (
			);
			runOnlyForDeploymentPostprocessing = 0;
		};
		A0331A662DDBFDEC0090EC11 /* Sources */ = {
			isa = PBXSourcesBuildPhase;
			buildActionMask = 2147483647;
			files = (
			);
			runOnlyForDeploymentPostprocessing = 0;
		};
		A0331A702DDBFDEC0090EC11 /* Sources */ = {
			isa = PBXSourcesBuildPhase;
			buildActionMask = 2147483647;
			files = (
			);
			runOnlyForDeploymentPostprocessing = 0;
		};
/* End PBXSourcesBuildPhase section */

/* Begin PBXTargetDependency section */
		A0331A6C2DDBFDEC0090EC11 /* PBXTargetDependency */ = {
			isa = PBXTargetDependency;
			target = A0331A542DDBFDE90090EC11 /* MagicNewspaper */;
			targetProxy = A0331A6B2DDBFDEC0090EC11 /* PBXContainerItemProxy */;
		};
		A0331A762DDBFDEC0090EC11 /* PBXTargetDependency */ = {
			isa = PBXTargetDependency;
			target = A0331A542DDBFDE90090EC11 /* MagicNewspaper */;
			targetProxy = A0331A752DDBFDEC0090EC11 /* PBXContainerItemProxy */;
		};
/* End PBXTargetDependency section */

/* Begin XCBuildConfiguration section */
		A0331A7C2DDBFDEC0090EC11 /* Debug */ = {
			isa = XCBuildConfiguration;
			buildSettings = {
				ALWAYS_SEARCH_USER_PATHS = NO;
				ASSETCATALOG_COMPILER_GENERATE_SWIFT_ASSET_SYMBOL_EXTENSIONS = YES;
				CLANG_ANALYZER_NONNULL = YES;
				CLANG_ANALYZER_NUMBER_OBJECT_CONVERSION = YES_AGGRESSIVE;
				CLANG_CXX_LANGUAGE_STANDARD = "gnu++20";
				CLANG_ENABLE_MODULES = YES;
				CLANG_ENABLE_OBJC_ARC = YES;
				CLANG_ENABLE_OBJC_WEAK = YES;
				CLANG_WARN_BLOCK_CAPTURE_AUTORELEASING = YES;
				CLANG_WARN_BOOL_CONVERSION = YES;
				CLANG_WARN_COMMA = YES;
				CLANG_WARN_CONSTANT_CONVERSION = YES;
				CLANG_WARN_DEPRECATED_OBJC_IMPLEMENTATIONS = YES;
				CLANG_WARN_DIRECT_OBJC_ISA_USAGE = YES_ERROR;
				CLANG_WARN_DOCUMENTATION_COMMENTS = YES;
				CLANG_WARN_EMPTY_BODY = YES;
				CLANG_WARN_ENUM_CONVERSION = YES;
				CLANG_WARN_INFINITE_RECURSION = YES;
				CLANG_WARN_INT_CONVERSION = YES;
				CLANG_WARN_NON_LITERAL_NULL_CONVERSION = YES;
				CLANG_WARN_OBJC_IMPLICIT_RETAIN_SELF = YES;
				CLANG_WARN_OBJC_LITERAL_CONVERSION = YES;
				CLANG_WARN_OBJC_ROOT_CLASS = YES_ERROR;
				CLANG_WARN_QUOTED_INCLUDE_IN_FRAMEWORK_HEADER = YES;
				CLANG_WARN_RANGE_LOOP_ANALYSIS = YES;
				CLANG_WARN_STRICT_PROTOTYPES = YES;
				CLANG_WARN_SUSPICIOUS_MOVE = YES;
				CLANG_WARN_UNGUARDED_AVAILABILITY = YES_AGGRESSIVE;
				CLANG_WARN_UNREACHABLE_CODE = YES;
				CLANG_WARN__DUPLICATE_METHOD_MATCH = YES;
				COPY_PHASE_STRIP = NO;
				DEBUG_INFORMATION_FORMAT = dwarf;
				ENABLE_STRICT_OBJC_MSGSEND = YES;
				ENABLE_TESTABILITY = YES;
				ENABLE_USER_SCRIPT_SANDBOXING = YES;
				GCC_C_LANGUAGE_STANDARD = gnu17;
				GCC_DYNAMIC_NO_PIC = NO;
				GCC_NO_COMMON_BLOCKS = YES;
				GCC_OPTIMIZATION_LEVEL = 0;
				GCC_PREPROCESSOR_DEFINITIONS = (
					"DEBUG=1",
					"$(inherited)",
				);
				GCC_WARN_64_TO_32_BIT_CONVERSION = YES;
				GCC_WARN_ABOUT_RETURN_TYPE = YES_ERROR;
				GCC_WARN_UNDECLARED_SELECTOR = YES;
				GCC_WARN_UNINITIALIZED_AUTOS = YES_AGGRESSIVE;
				GCC_WARN_UNUSED_FUNCTION = YES;
				GCC_WARN_UNUSED_VARIABLE = YES;
				IPHONEOS_DEPLOYMENT_TARGET = 18.2;
				LOCALIZATION_PREFERS_STRING_CATALOGS = YES;
				MTL_ENABLE_DEBUG_INFO = INCLUDE_SOURCE;
				MTL_FAST_MATH = YES;
				ONLY_ACTIVE_ARCH = YES;
				SDKROOT = iphoneos;
				SWIFT_ACTIVE_COMPILATION_CONDITIONS = "DEBUG $(inherited)";
				SWIFT_OPTIMIZATION_LEVEL = "-Onone";
			};
			name = Debug;
		};
		A0331A7D2DDBFDEC0090EC11 /* Release */ = {
			isa = XCBuildConfiguration;
			buildSettings = {
				ALWAYS_SEARCH_USER_PATHS = NO;
				ASSETCATALOG_COMPILER_GENERATE_SWIFT_ASSET_SYMBOL_EXTENSIONS = YES;
				CLANG_ANALYZER_NONNULL = YES;
				CLANG_ANALYZER_NUMBER_OBJECT_CONVERSION = YES_AGGRESSIVE;
				CLANG_CXX_LANGUAGE_STANDARD = "gnu++20";
				CLANG_ENABLE_MODULES = YES;
				CLANG_ENABLE_OBJC_ARC = YES;
				CLANG_ENABLE_OBJC_WEAK = YES;
				CLANG_WARN_BLOCK_CAPTURE_AUTORELEASING = YES;
				CLANG_WARN_BOOL_CONVERSION = YES;
				CLANG_WARN_COMMA = YES;
				CLANG_WARN_CONSTANT_CONVERSION = YES;
				CLANG_WARN_DEPRECATED_OBJC_IMPLEMENTATIONS = YES;
				CLANG_WARN_DIRECT_OBJC_ISA_USAGE = YES_ERROR;
				CLANG_WARN_DOCUMENTATION_COMMENTS = YES;
				CLANG_WARN_EMPTY_BODY = YES;
				CLANG_WARN_ENUM_CONVERSION = YES;
				CLANG_WARN_INFINITE_RECURSION = YES;
				CLANG_WARN_INT_CONVERSION = YES;
				CLANG_WARN_NON_LITERAL_NULL_CONVERSION = YES;
				CLANG_WARN_OBJC_IMPLICIT_RETAIN_SELF = YES;
				CLANG_WARN_OBJC_LITERAL_CONVERSION = YES;
				CLANG_WARN_OBJC_ROOT_CLASS = YES_ERROR;
				CLANG_WARN_QUOTED_INCLUDE_IN_FRAMEWORK_HEADER = YES;
				CLANG_WARN_RANGE_LOOP_ANALYSIS = YES;
				CLANG_WARN_STRICT_PROTOTYPES = YES;
				CLANG_WARN_SUSPICIOUS_MOVE = YES;
				CLANG_WARN_UNGUARDED_AVAILABILITY = YES_AGGRESSIVE;
				CLANG_WARN_UNREACHABLE_CODE = YES;
				CLANG_WARN__DUPLICATE_METHOD_MATCH = YES;
				COPY_PHASE_STRIP = NO;
				DEBUG_INFORMATION_FORMAT = "dwarf-with-dsym";
				ENABLE_NS_ASSERTIONS = NO;
				ENABLE_STRICT_OBJC_MSGSEND = YES;
				ENABLE_USER_SCRIPT_SANDBOXING = YES;
				GCC_C_LANGUAGE_STANDARD = gnu17;
				GCC_NO_COMMON_BLOCKS = YES;
				GCC_WARN_64_TO_32_BIT_CONVERSION = YES;
				GCC_WARN_ABOUT_RETURN_TYPE = YES_ERROR;
				GCC_WARN_UNDECLARED_SELECTOR = YES;
				GCC_WARN_UNINITIALIZED_AUTOS = YES_AGGRESSIVE;
				GCC_WARN_UNUSED_FUNCTION = YES;
				GCC_WARN_UNUSED_VARIABLE = YES;
				IPHONEOS_DEPLOYMENT_TARGET = 18.2;
				LOCALIZATION_PREFERS_STRING_CATALOGS = YES;
				MTL_ENABLE_DEBUG_INFO = NO;
				MTL_FAST_MATH = YES;
				SDKROOT = iphoneos;
				SWIFT_COMPILATION_MODE = wholemodule;
				VALIDATE_PRODUCT = YES;
			};
			name = Release;
		};
		A0331A7F2DDBFDEC0090EC11 /* Debug */ = {
			isa = XCBuildConfiguration;
			buildSettings = {
				ASSETCATALOG_COMPILER_APPICON_NAME = AppIcon;
				ASSETCATALOG_COMPILER_GLOBAL_ACCENT_COLOR_NAME = AccentColor;
				CODE_SIGN_STYLE = Automatic;
				CURRENT_PROJECT_VERSION = 1;
				DEVELOPMENT_TEAM = D9C28JTVJV;
				GENERATE_INFOPLIST_FILE = YES;
				INFOPLIST_KEY_NSCameraUsageDescription = "";
				INFOPLIST_KEY_UIApplicationSupportsIndirectInputEvents = YES;
				INFOPLIST_KEY_UILaunchStoryboardName = LaunchScreen;
				INFOPLIST_KEY_UIMainStoryboardFile = Main;
				INFOPLIST_KEY_UIRequiredDeviceCapabilities = arkit;
				INFOPLIST_KEY_UIStatusBarHidden = YES;
				INFOPLIST_KEY_UISupportedInterfaceOrientations_iPad = "UIInterfaceOrientationPortrait UIInterfaceOrientationPortraitUpsideDown UIInterfaceOrientationLandscapeLeft UIInterfaceOrientationLandscapeRight";
				INFOPLIST_KEY_UISupportedInterfaceOrientations_iPhone = "UIInterfaceOrientationPortrait UIInterfaceOrientationLandscapeLeft UIInterfaceOrientationLandscapeRight";
				LD_RUNPATH_SEARCH_PATHS = (
					"$(inherited)",
					"@executable_path/Frameworks",
				);
				MARKETING_VERSION = 1.0;
				PRODUCT_BUNDLE_IDENTIFIER = com.cybercitycode.MagicNewspaper;
				PRODUCT_NAME = "$(TARGET_NAME)";
				SWIFT_EMIT_LOC_STRINGS = YES;
				SWIFT_VERSION = 5.0;
				TARGETED_DEVICE_FAMILY = "1,2";
			};
			name = Debug;
		};
		A0331A802DDBFDEC0090EC11 /* Release */ = {
			isa = XCBuildConfiguration;
			buildSettings = {
				ASSETCATALOG_COMPILER_APPICON_NAME = AppIcon;
				ASSETCATALOG_COMPILER_GLOBAL_ACCENT_COLOR_NAME = AccentColor;
				CODE_SIGN_STYLE = Automatic;
				CURRENT_PROJECT_VERSION = 1;
				DEVELOPMENT_TEAM = D9C28JTVJV;
				GENERATE_INFOPLIST_FILE = YES;
				INFOPLIST_KEY_NSCameraUsageDescription = "";
				INFOPLIST_KEY_UIApplicationSupportsIndirectInputEvents = YES;
				INFOPLIST_KEY_UILaunchStoryboardName = LaunchScreen;
				INFOPLIST_KEY_UIMainStoryboardFile = Main;
				INFOPLIST_KEY_UIRequiredDeviceCapabilities = arkit;
				INFOPLIST_KEY_UIStatusBarHidden = YES;
				INFOPLIST_KEY_UISupportedInterfaceOrientations_iPad = "UIInterfaceOrientationPortrait UIInterfaceOrientationPortraitUpsideDown UIInterfaceOrientationLandscapeLeft UIInterfaceOrientationLandscapeRight";
				INFOPLIST_KEY_UISupportedInterfaceOrientations_iPhone = "UIInterfaceOrientationPortrait UIInterfaceOrientationLandscapeLeft UIInterfaceOrientationLandscapeRight";
				LD_RUNPATH_SEARCH_PATHS = (
					"$(inherited)",
					"@executable_path/Frameworks",
				);
				MARKETING_VERSION = 1.0;
				PRODUCT_BUNDLE_IDENTIFIER = com.cybercitycode.MagicNewspaper;
				PRODUCT_NAME = "$(TARGET_NAME)";
				SWIFT_EMIT_LOC_STRINGS = YES;
				SWIFT_VERSION = 5.0;
				TARGETED_DEVICE_FAMILY = "1,2";
			};
			name = Release;
		};
		A0331A822DDBFDEC0090EC11 /* Debug */ = {
			isa = XCBuildConfiguration;
			buildSettings = {
				BUNDLE_LOADER = "$(TEST_HOST)";
				CODE_SIGN_STYLE = Automatic;
				CURRENT_PROJECT_VERSION = 1;
				DEVELOPMENT_TEAM = D9C28JTVJV;
				GENERATE_INFOPLIST_FILE = YES;
				IPHONEOS_DEPLOYMENT_TARGET = 18.2;
				MARKETING_VERSION = 1.0;
				PRODUCT_BUNDLE_IDENTIFIER = com.cybercitycode.MagicNewspaperTests;
				PRODUCT_NAME = "$(TARGET_NAME)";
				SWIFT_EMIT_LOC_STRINGS = NO;
				SWIFT_VERSION = 5.0;
				TARGETED_DEVICE_FAMILY = "1,2";
				TEST_HOST = "$(BUILT_PRODUCTS_DIR)/MagicNewspaper.app/$(BUNDLE_EXECUTABLE_FOLDER_PATH)/MagicNewspaper";
			};
			name = Debug;
		};
		A0331A832DDBFDEC0090EC11 /* Release */ = {
			isa = XCBuildConfiguration;
			buildSettings = {
				BUNDLE_LOADER = "$(TEST_HOST)";
				CODE_SIGN_STYLE = Automatic;
				CURRENT_PROJECT_VERSION = 1;
				DEVELOPMENT_TEAM = D9C28JTVJV;
				GENERATE_INFOPLIST_FILE = YES;
				IPHONEOS_DEPLOYMENT_TARGET = 18.2;
				MARKETING_VERSION = 1.0;
				PRODUCT_BUNDLE_IDENTIFIER = com.cybercitycode.MagicNewspaperTests;
				PRODUCT_NAME = "$(TARGET_NAME)";
				SWIFT_EMIT_LOC_STRINGS = NO;
				SWIFT_VERSION = 5.0;
				TARGETED_DEVICE_FAMILY = "1,2";
				TEST_HOST = "$(BUILT_PRODUCTS_DIR)/MagicNewspaper.app/$(BUNDLE_EXECUTABLE_FOLDER_PATH)/MagicNewspaper";
			};
			name = Release;
		};
		A0331A852DDBFDEC0090EC11 /* Debug */ = {
			isa = XCBuildConfiguration;
			buildSettings = {
				CODE_SIGN_STYLE = Automatic;
				CURRENT_PROJECT_VERSION = 1;
				DEVELOPMENT_TEAM = D9C28JTVJV;
				GENERATE_INFOPLIST_FILE = YES;
				MARKETING_VERSION = 1.0;
				PRODUCT_BUNDLE_IDENTIFIER = com.cybercitycode.MagicNewspaperUITests;
				PRODUCT_NAME = "$(TARGET_NAME)";
				SWIFT_EMIT_LOC_STRINGS = NO;
				SWIFT_VERSION = 5.0;
				TARGETED_DEVICE_FAMILY = "1,2";
				TEST_TARGET_NAME = MagicNewspaper;
			};
			name = Debug;
		};
		A0331A862DDBFDEC0090EC11 /* Release */ = {
			isa = XCBuildConfiguration;
			buildSettings = {
				CODE_SIGN_STYLE = Automatic;
				CURRENT_PROJECT_VERSION = 1;
				DEVELOPMENT_TEAM = D9C28JTVJV;
				GENERATE_INFOPLIST_FILE = YES;
				MARKETING_VERSION = 1.0;
				PRODUCT_BUNDLE_IDENTIFIER = com.cybercitycode.MagicNewspaperUITests;
				PRODUCT_NAME = "$(TARGET_NAME)";
				SWIFT_EMIT_LOC_STRINGS = NO;
				SWIFT_VERSION = 5.0;
				TARGETED_DEVICE_FAMILY = "1,2";
				TEST_TARGET_NAME = MagicNewspaper;
			};
			name = Release;
		};
/* End XCBuildConfiguration section */

/* Begin XCConfigurationList section */
		A0331A502DDBFDE90090EC11 /* Build configuration list for PBXProject "MagicNewspaper" */ = {
			isa = XCConfigurationList;
			buildConfigurations = (
				A0331A7C2DDBFDEC0090EC11 /* Debug */,
				A0331A7D2DDBFDEC0090EC11 /* Release */,
			);
			defaultConfigurationIsVisible = 0;
			defaultConfigurationName = Release;
		};
		A0331A7E2DDBFDEC0090EC11 /* Build configuration list for PBXNativeTarget "MagicNewspaper" */ = {
			isa = XCConfigurationList;
			buildConfigurations = (
				A0331A7F2DDBFDEC0090EC11 /* Debug */,
				A0331A802DDBFDEC0090EC11 /* Release */,
			);
			defaultConfigurationIsVisible = 0;
			defaultConfigurationName = Release;
		};
		A0331A812DDBFDEC0090EC11 /* Build configuration list for PBXNativeTarget "MagicNewspaperTests" */ = {
			isa = XCConfigurationList;
			buildConfigurations = (
				A0331A822DDBFDEC0090EC11 /* Debug */,
				A0331A832DDBFDEC0090EC11 /* Release */,
			);
			defaultConfigurationIsVisible = 0;
			defaultConfigurationName = Release;
		};
		A0331A842DDBFDEC0090EC11 /* Build configuration list for PBXNativeTarget "MagicNewspaperUITests" */ = {
			isa = XCConfigurationList;
			buildConfigurations = (
				A0331A852DDBFDEC0090EC11 /* Debug */,
				A0331A862DDBFDEC0090EC11 /* Release */,
			);
			defaultConfigurationIsVisible = 0;
			defaultConfigurationName = Release;
		};
/* End XCConfigurationList section */
	};
	rootObject = A0331A4D2DDBFDE90090EC11 /* Project object */;
}
